{
  "originHash" : "08d17ea5fbf7d148d1b000f43c2c2cad31697d27e3b9e51bbc46c73f1d5f057e",
  "pins" : [
    {
      "identity" : "sill",
      "kind" : "remoteSourceControl",
      "location" : "https://github.com/akira-toriyama/sill.git",
      "state" : {
        "revision" : "0b002518fcc5ce23473d29789727d64065a85484",
        "version" : "1.24.0"
      }
    },
    {
      "identity" : "swift-toml-edit",
      "kind" : "remoteSourceControl",
      "location" : "https://github.com/akira-toriyama/swift-toml-edit.git",
      "state" : {
        "revision" : "c29736ec0f6ccf9ba18f537a5b3d1e24f691106b",
        "version" : "1.0.0"
      }
    },
    {
      "identity" : "swiftdraw",
      "kind" : "remoteSourceControl",
      "location" : "https://github.com/swhitty/SwiftDraw.git",
      "state" : {
        "revision" : "dbb4ef98824053ead8c83fa866c2c6054fb41809",
        "version" : "0.24.0"
      }
    }
  ],
  "version" : 3
}
