{
  "originHash" : "60ea76e968924849f4efa1a6983092022ec0f08a4e0b80edacd36ea28010be16",
  "pins" : [
    {
      "identity" : "sill",
      "kind" : "remoteSourceControl",
      "location" : "https://github.com/akira-toriyama/sill.git",
      "state" : {
        "revision" : "b4846a34b3690186abb07827fceb433d2d5fa05d",
        "version" : "1.25.0"
      }
    },
    {
      "identity" : "swift-toml-edit",
      "kind" : "remoteSourceControl",
      "location" : "https://github.com/akira-toriyama/swift-toml-edit.git",
      "state" : {
        "revision" : "c29736ec0f6ccf9ba18f537a5b3d1e24f691106b",
        "version" : "1.0.0"
      }
    },
    {
      "identity" : "swiftdraw",
      "kind" : "remoteSourceControl",
      "location" : "https://github.com/swhitty/SwiftDraw.git",
      "state" : {
        "revision" : "dbb4ef98824053ead8c83fa866c2c6054fb41809",
        "version" : "0.24.0"
      }
    }
  ],
  "version" : 3
}
